// !$*UTF8*$!
{
	archiveVersion = 1;
	classes = {
	};
	objectVersion = 46;
	objects = {

/* Begin PBXBuildFile section */
		6C0CB2841B531E6400796B92 /* Snake.swift in Sources */ = {isa = PBXBuildFile; fileRef = 6C0CB2831B531E6400796B92 /* Snake.swift */; };
		6C0CB2861B531FA000796B92 /* Colors.swift in Sources */ = {isa = PBXBuildFile; fileRef = 6C0CB2851B531FA000796B92 /* Colors.swift */; };
		6C0CB2881B532A9600796B92 /* ConfigConstants.swift in Sources */ = {isa = PBXBuildFile; fileRef = 6C0CB2871B532A9600796B92 /* ConfigConstants.swift */; };
		6C287A551B54A291009994F5 /* CardinalDirection.swift in Sources */ = {isa = PBXBuildFile; fileRef = 6C287A541B54A291009994F5 /* CardinalDirection.swift */; };
		6C287A561B54A2A3009994F5 /* CardinalDirection.swift in Sources */ = {isa = PBXBuildFile; fileRef = 6C287A541B54A291009994F5 /* CardinalDirection.swift */; };
		6C287A571B54A2AC009994F5 /* Snake.swift in Sources */ = {isa = PBXBuildFile; fileRef = 6C0CB2831B531E6400796B92 /* Snake.swift */; };
		6C6ED5AF1B59D595004B3633 /* GameGridTests.swift in Sources */ = {isa = PBXBuildFile; fileRef = 6C6ED5AD1B59D540004B3633 /* GameGridTests.swift */; };
		6C6ED5B11B59DBB8004B3633 /* GridGenerator.swift in Sources */ = {isa = PBXBuildFile; fileRef = 6C6ED5B01B59DBB8004B3633 /* GridGenerator.swift */; };
		6C6ED5B21B59DC01004B3633 /* GridGenerator.swift in Sources */ = {isa = PBXBuildFile; fileRef = 6C6ED5B01B59DBB8004B3633 /* GridGenerator.swift */; };
		6C71AA871B646DC7009E80C8 /* SnakeStyler.swift in Sources */ = {isa = PBXBuildFile; fileRef = 6C71AA861B646DC7009E80C8 /* SnakeStyler.swift */; };
		6C71AA881B646E4E009E80C8 /* SnakeStyler.swift in Sources */ = {isa = PBXBuildFile; fileRef = 6C71AA861B646DC7009E80C8 /* SnakeStyler.swift */; };
		6C851EF71B5B6178002225A9 /* SnakeElement.swift in Sources */ = {isa = PBXBuildFile; fileRef = 6C851EF61B5B6178002225A9 /* SnakeElement.swift */; };
		6C851EF91B5B6193002225A9 /* Grid.swift in Sources */ = {isa = PBXBuildFile; fileRef = 6C851EF81B5B6193002225A9 /* Grid.swift */; };
		6C851EFB1B5B61A5002225A9 /* Cell.swift in Sources */ = {isa = PBXBuildFile; fileRef = 6C851EFA1B5B61A5002225A9 /* Cell.swift */; };
		6C851EFD1B5B61DA002225A9 /* CellType.swift in Sources */ = {isa = PBXBuildFile; fileRef = 6C851EFC1B5B61DA002225A9 /* CellType.swift */; };
		6C851EFE1B5B645A002225A9 /* Grid.swift in Sources */ = {isa = PBXBuildFile; fileRef = 6C851EF81B5B6193002225A9 /* Grid.swift */; };
		6C851EFF1B5B6466002225A9 /* SnakeElement.swift in Sources */ = {isa = PBXBuildFile; fileRef = 6C851EF61B5B6178002225A9 /* SnakeElement.swift */; };
		6C851F001B5B6482002225A9 /* GameScene.swift in Sources */ = {isa = PBXBuildFile; fileRef = 6CB576181B531C9200DEDCCE /* GameScene.swift */; };
		6C851F011B5B6482002225A9 /* Cell.swift in Sources */ = {isa = PBXBuildFile; fileRef = 6C851EFA1B5B61A5002225A9 /* Cell.swift */; };
		6C851F021B5B6482002225A9 /* CellType.swift in Sources */ = {isa = PBXBuildFile; fileRef = 6C851EFC1B5B61DA002225A9 /* CellType.swift */; };
		6CB575F41B531B4C00DEDCCE /* AppDelegate.swift in Sources */ = {isa = PBXBuildFile; fileRef = 6CB575F31B531B4C00DEDCCE /* AppDelegate.swift */; };
		6CB575F61B531B4C00DEDCCE /* GameController.swift in Sources */ = {isa = PBXBuildFile; fileRef = 6CB575F51B531B4C00DEDCCE /* GameController.swift */; };
		6CB575F91B531B4C00DEDCCE /* Snake.storyboard in Resources */ = {isa = PBXBuildFile; fileRef = 6CB575F71B531B4C00DEDCCE /* Snake.storyboard */; };
		6CB575FB1B531B4C00DEDCCE /* Images.xcassets in Resources */ = {isa = PBXBuildFile; fileRef = 6CB575FA1B531B4C00DEDCCE /* Images.xcassets */; };
		6CB575FE1B531B4C00DEDCCE /* LaunchScreen.xib in Resources */ = {isa = PBXBuildFile; fileRef = 6CB575FC1B531B4C00DEDCCE /* LaunchScreen.xib */; };
		6CB5760A1B531B4C00DEDCCE /* GameGridControlTests.swift in Sources */ = {isa = PBXBuildFile; fileRef = 6CB576091B531B4C00DEDCCE /* GameGridControlTests.swift */; };
		6CB576141B531C1700DEDCCE /* SpriteKit.framework in Frameworks */ = {isa = PBXBuildFile; fileRef = 6CB576131B531C1700DEDCCE /* SpriteKit.framework */; };
		6CB576191B531C9200DEDCCE /* GameScene.swift in Sources */ = {isa = PBXBuildFile; fileRef = 6CB576181B531C9200DEDCCE /* GameScene.swift */; };
		6CB5DB581B5F4FF700739D68 /* SnakeGame.swift in Sources */ = {isa = PBXBuildFile; fileRef = 6CB5DB571B5F4FF700739D68 /* SnakeGame.swift */; };
		6CB5DB591B5F500A00739D68 /* SnakeGame.swift in Sources */ = {isa = PBXBuildFile; fileRef = 6CB5DB571B5F4FF700739D68 /* SnakeGame.swift */; };
		6CB5DB5A1B5F583900739D68 /* ConfigConstants.swift in Sources */ = {isa = PBXBuildFile; fileRef = 6C0CB2871B532A9600796B92 /* ConfigConstants.swift */; };
		6CC3DA941B64B5D500D07BD9 /* Delegates.swift in Sources */ = {isa = PBXBuildFile; fileRef = 6CC3DA931B64B5D500D07BD9 /* Delegates.swift */; };
		6CC3DA951B64B60400D07BD9 /* Delegates.swift in Sources */ = {isa = PBXBuildFile; fileRef = 6CC3DA931B64B5D500D07BD9 /* Delegates.swift */; };
		6CC3DA971B64B6D400D07BD9 /* GameOverAlertView.swift in Sources */ = {isa = PBXBuildFile; fileRef = 6CC3DA961B64B6D400D07BD9 /* GameOverAlertView.swift */; };
		6CE494641B55E34A00E193A9 /* ArrayExtensions.swift in Sources */ = {isa = PBXBuildFile; fileRef = 6CE494631B55E34A00E193A9 /* ArrayExtensions.swift */; };
		6CE494651B55E6C700E193A9 /* ArrayExtensions.swift in Sources */ = {isa = PBXBuildFile; fileRef = 6CE494631B55E34A00E193A9 /* ArrayExtensions.swift */; };
		6CE494661B55F36F00E193A9 /* Colors.swift in Sources */ = {isa = PBXBuildFile; fileRef = 6C0CB2851B531FA000796B92 /* Colors.swift */; };
		6CEF650E1B631CB000D28E6D /* SnakeGameControl.swift in Sources */ = {isa = PBXBuildFile; fileRef = 6CEF650D1B631CB000D28E6D /* SnakeGameControl.swift */; };
		6CEF650F1B631CDF00D28E6D /* SnakeGameControl.swift in Sources */ = {isa = PBXBuildFile; fileRef = 6CEF650D1B631CB000D28E6D /* SnakeGameControl.swift */; };
		6CF8F0ED1B61D99500AE3361 /* PowerUpElement.swift in Sources */ = {isa = PBXBuildFile; fileRef = 6CF8F0EC1B61D99500AE3361 /* PowerUpElement.swift */; };
		6CF8F0EE1B61DAA000AE3361 /* PowerUpElement.swift in Sources */ = {isa = PBXBuildFile; fileRef = 6CF8F0EC1B61D99500AE3361 /* PowerUpElement.swift */; };
/* End PBXBuildFile section */

/* Begin PBXContainerItemProxy section */
		6CB576041B531B4C00DEDCCE /* PBXContainerItemProxy */ = {
			isa = PBXContainerItemProxy;
			containerPortal = 6CB575E61B531B4C00DEDCCE /* Project object */;
			proxyType = 1;
			remoteGlobalIDString = 6CB575ED1B531B4C00DEDCCE;
			remoteInfo = "ios-snake";
		};
/* End PBXContainerItemProxy section */

/* Begin PBXFileReference section */
		6C0CB2831B531E6400796B92 /* Snake.swift */ = {isa = PBXFileReference; fileEncoding = 4; lastKnownFileType = sourcecode.swift; path = Snake.swift; sourceTree = "<group>"; };
		6C0CB2851B531FA000796B92 /* Colors.swift */ = {isa = PBXFileReference; fileEncoding = 4; lastKnownFileType = sourcecode.swift; path = Colors.swift; sourceTree = "<group>"; };
		6C0CB2871B532A9600796B92 /* ConfigConstants.swift */ = {isa = PBXFileReference; fileEncoding = 4; lastKnownFileType = sourcecode.swift; path = ConfigConstants.swift; sourceTree = "<group>"; };
		6C287A541B54A291009994F5 /* CardinalDirection.swift */ = {isa = PBXFileReference; fileEncoding = 4; lastKnownFileType = sourcecode.swift; path = CardinalDirection.swift; sourceTree = "<group>"; };
		6C6ED5AD1B59D540004B3633 /* GameGridTests.swift */ = {isa = PBXFileReference; fileEncoding = 4; lastKnownFileType = sourcecode.swift; path = GameGridTests.swift; sourceTree = "<group>"; };
		6C6ED5B01B59DBB8004B3633 /* GridGenerator.swift */ = {isa = PBXFileReference; fileEncoding = 4; lastKnownFileType = sourcecode.swift; path = GridGenerator.swift; sourceTree = "<group>"; };
		6C71AA861B646DC7009E80C8 /* SnakeStyler.swift */ = {isa = PBXFileReference; fileEncoding = 4; lastKnownFileType = sourcecode.swift; path = SnakeStyler.swift; sourceTree = "<group>"; };
		6C851EF61B5B6178002225A9 /* SnakeElement.swift */ = {isa = PBXFileReference; fileEncoding = 4; lastKnownFileType = sourcecode.swift; path = SnakeElement.swift; sourceTree = "<group>"; };
		6C851EF81B5B6193002225A9 /* Grid.swift */ = {isa = PBXFileReference; fileEncoding = 4; lastKnownFileType = sourcecode.swift; path = Grid.swift; sourceTree = "<group>"; };
		6C851EFA1B5B61A5002225A9 /* Cell.swift */ = {isa = PBXFileReference; fileEncoding = 4; lastKnownFileType = sourcecode.swift; path = Cell.swift; sourceTree = "<group>"; };
		6C851EFC1B5B61DA002225A9 /* CellType.swift */ = {isa = PBXFileReference; fileEncoding = 4; lastKnownFileType = sourcecode.swift; path = CellType.swift; sourceTree = "<group>"; };
		6CB575EE1B531B4C00DEDCCE /* snake.app */ = {isa = PBXFileReference; explicitFileType = wrapper.application; includeInIndex = 0; path = snake.app; sourceTree = BUILT_PRODUCTS_DIR; };
		6CB575F21B531B4C00DEDCCE /* Info.plist */ = {isa = PBXFileReference; lastKnownFileType = text.plist.xml; path = Info.plist; sourceTree = "<group>"; };
		6CB575F31B531B4C00DEDCCE /* AppDelegate.swift */ = {isa = PBXFileReference; lastKnownFileType = sourcecode.swift; path = AppDelegate.swift; sourceTree = "<group>"; };
		6CB575F51B531B4C00DEDCCE /* GameController.swift */ = {isa = PBXFileReference; lastKnownFileType = sourcecode.swift; path = GameController.swift; sourceTree = "<group>"; };
		6CB575F81B531B4C00DEDCCE /* Base */ = {isa = PBXFileReference; lastKnownFileType = file.storyboard; name = Base; path = Base.lproj/Snake.storyboard; sourceTree = "<group>"; };
		6CB575FA1B531B4C00DEDCCE /* Images.xcassets */ = {isa = PBXFileReference; lastKnownFileType = folder.assetcatalog; path = Images.xcassets; sourceTree = "<group>"; };
		6CB575FD1B531B4C00DEDCCE /* Base */ = {isa = PBXFileReference; lastKnownFileType = file.xib; name = Base; path = Base.lproj/LaunchScreen.xib; sourceTree = "<group>"; };
		6CB576031B531B4C00DEDCCE /* snakeTests.xctest */ = {isa = PBXFileReference; explicitFileType = wrapper.cfbundle; includeInIndex = 0; path = snakeTests.xctest; sourceTree = BUILT_PRODUCTS_DIR; };
		6CB576081B531B4C00DEDCCE /* Info.plist */ = {isa = PBXFileReference; lastKnownFileType = text.plist.xml; path = Info.plist; sourceTree = "<group>"; };
		6CB576091B531B4C00DEDCCE /* GameGridControlTests.swift */ = {isa = PBXFileReference; lastKnownFileType = sourcecode.swift; path = GameGridControlTests.swift; sourceTree = "<group>"; };
		6CB576131B531C1700DEDCCE /* SpriteKit.framework */ = {isa = PBXFileReference; lastKnownFileType = wrapper.framework; name = SpriteKit.framework; path = System/Library/Frameworks/SpriteKit.framework; sourceTree = SDKROOT; };
		6CB576181B531C9200DEDCCE /* GameScene.swift */ = {isa = PBXFileReference; fileEncoding = 4; lastKnownFileType = sourcecode.swift; path = GameScene.swift; sourceTree = "<group>"; };
		6CB5DB571B5F4FF700739D68 /* SnakeGame.swift */ = {isa = PBXFileReference; fileEncoding = 4; lastKnownFileType = sourcecode.swift; path = SnakeGame.swift; sourceTree = "<group>"; };
		6CC3DA931B64B5D500D07BD9 /* Delegates.swift */ = {isa = PBXFileReference; fileEncoding = 4; lastKnownFileType = sourcecode.swift; path = Delegates.swift; sourceTree = "<group>"; };
		6CC3DA961B64B6D400D07BD9 /* GameOverAlertView.swift */ = {isa = PBXFileReference; fileEncoding = 4; lastKnownFileType = sourcecode.swift; path = GameOverAlertView.swift; sourceTree = "<group>"; };
		6CE494631B55E34A00E193A9 /* ArrayExtensions.swift */ = {isa = PBXFileReference; fileEncoding = 4; lastKnownFileType = sourcecode.swift; path = ArrayExtensions.swift; sourceTree = "<group>"; };
		6CEF650D1B631CB000D28E6D /* SnakeGameControl.swift */ = {isa = PBXFileReference; fileEncoding = 4; lastKnownFileType = sourcecode.swift; path = SnakeGameControl.swift; sourceTree = "<group>"; };
		6CF8F0EC1B61D99500AE3361 /* PowerUpElement.swift */ = {isa = PBXFileReference; fileEncoding = 4; lastKnownFileType = sourcecode.swift; path = PowerUpElement.swift; sourceTree = "<group>"; };
/* End PBXFileReference section */

/* Begin PBXFrameworksBuildPhase section */
		6CB575EB1B531B4C00DEDCCE /* Frameworks */ = {
			isa = PBXFrameworksBuildPhase;
			buildActionMask = 2147483647;
			files = (
				6CB576141B531C1700DEDCCE /* SpriteKit.framework in Frameworks */,
			);
			runOnlyForDeploymentPostprocessing = 0;
		};
		6CB576001B531B4C00DEDCCE /* Frameworks */ = {
			isa = PBXFrameworksBuildPhase;
			buildActionMask = 2147483647;
			files = (
			);
			runOnlyForDeploymentPostprocessing = 0;
		};
/* End PBXFrameworksBuildPhase section */

/* Begin PBXGroup section */
		6C0CB2821B531DE800796B92 /* Controllers */ = {
			isa = PBXGroup;
			children = (
				6CB575F51B531B4C00DEDCCE /* GameController.swift */,
				6CB576181B531C9200DEDCCE /* GameScene.swift */,
			);
			name = Controllers;
			sourceTree = "<group>";
		};
		6CB575E51B531B4C00DEDCCE = {
			isa = PBXGroup;
			children = (
				6CB576131B531C1700DEDCCE /* SpriteKit.framework */,
				6CB575F01B531B4C00DEDCCE /* ios-snake */,
				6CB576061B531B4C00DEDCCE /* ios-snakeTests */,
				6CB575EF1B531B4C00DEDCCE /* Products */,
			);
			sourceTree = "<group>";
		};
		6CB575EF1B531B4C00DEDCCE /* Products */ = {
			isa = PBXGroup;
			children = (
				6CB575EE1B531B4C00DEDCCE /* snake.app */,
				6CB576031B531B4C00DEDCCE /* snakeTests.xctest */,
			);
			name = Products;
			sourceTree = "<group>";
		};
		6CB575F01B531B4C00DEDCCE /* ios-snake */ = {
			isa = PBXGroup;
			children = (
				6CB575FC1B531B4C00DEDCCE /* LaunchScreen.xib */,
				6CB575F71B531B4C00DEDCCE /* Snake.storyboard */,
				6C0CB2871B532A9600796B92 /* ConfigConstants.swift */,
				6CE494621B55E33700E193A9 /* Utility */,
				6C0CB2821B531DE800796B92 /* Controllers */,
				6CC3DA901B64AE5000D07BD9 /* View */,
				6CB576151B531C2E00DEDCCE /* Game */,
				6CB575F31B531B4C00DEDCCE /* AppDelegate.swift */,
				6CB575FA1B531B4C00DEDCCE /* Images.xcassets */,
				6CB575F11B531B4C00DEDCCE /* Supporting Files */,
			);
			path = "ios-snake";
			sourceTree = "<group>";
		};
		6CB575F11B531B4C00DEDCCE /* Supporting Files */ = {
			isa = PBXGroup;
			children = (
				6CB575F21B531B4C00DEDCCE /* Info.plist */,
			);
			name = "Supporting Files";
			sourceTree = "<group>";
		};
		6CB576061B531B4C00DEDCCE /* ios-snakeTests */ = {
			isa = PBXGroup;
			children = (
				6C6ED5AD1B59D540004B3633 /* GameGridTests.swift */,
				6CB576091B531B4C00DEDCCE /* GameGridControlTests.swift */,
				6CB576071B531B4C00DEDCCE /* Supporting Files */,
			);
			path = "ios-snakeTests";
			sourceTree = "<group>";
		};
		6CB576071B531B4C00DEDCCE /* Supporting Files */ = {
			isa = PBXGroup;
			children = (
				6CB576081B531B4C00DEDCCE /* Info.plist */,
			);
			name = "Supporting Files";
			sourceTree = "<group>";
		};
		6CB576151B531C2E00DEDCCE /* Game */ = {
			isa = PBXGroup;
			children = (
				6CEF65121B631F4400D28E6D /* Power Up */,
				6CEF65111B631F3D00D28E6D /* Snake */,
				6CEF65101B631F0200D28E6D /* Environment */,
			);
			name = Game;
			sourceTree = "<group>";
		};
		6CC3DA901B64AE5000D07BD9 /* View */ = {
			isa = PBXGroup;
			children = (
				6CC3DA961B64B6D400D07BD9 /* GameOverAlertView.swift */,
			);
			name = View;
			sourceTree = "<group>";
		};
		6CE494621B55E33700E193A9 /* Utility */ = {
			isa = PBXGroup;
			children = (
				6C0CB2851B531FA000796B92 /* Colors.swift */,
				6CE494631B55E34A00E193A9 /* ArrayExtensions.swift */,
			);
			name = Utility;
			sourceTree = "<group>";
		};
		6CEF65101B631F0200D28E6D /* Environment */ = {
			isa = PBXGroup;
			children = (
				6C6ED5B01B59DBB8004B3633 /* GridGenerator.swift */,
				6C851EF81B5B6193002225A9 /* Grid.swift */,
				6C851EFA1B5B61A5002225A9 /* Cell.swift */,
				6C851EFC1B5B61DA002225A9 /* CellType.swift */,
			);
			name = Environment;
			sourceTree = "<group>";
		};
		6CEF65111B631F3D00D28E6D /* Snake */ = {
			isa = PBXGroup;
			children = (
				6CC3DA931B64B5D500D07BD9 /* Delegates.swift */,
				6CB5DB571B5F4FF700739D68 /* SnakeGame.swift */,
				6C0CB2831B531E6400796B92 /* Snake.swift */,
				6C851EF61B5B6178002225A9 /* SnakeElement.swift */,
				6C71AA861B646DC7009E80C8 /* SnakeStyler.swift */,
				6C287A541B54A291009994F5 /* CardinalDirection.swift */,
				6CEF650D1B631CB000D28E6D /* SnakeGameControl.swift */,
			);
			name = Snake;
			sourceTree = "<group>";
		};
		6CEF65121B631F4400D28E6D /* Power Up */ = {
			isa = PBXGroup;
			children = (
				6CF8F0EC1B61D99500AE3361 /* PowerUpElement.swift */,
			);
			name = "Power Up";
			sourceTree = "<group>";
		};
/* End PBXGroup section */

/* Begin PBXNativeTarget section */
		6CB575ED1B531B4C00DEDCCE /* snake */ = {
			isa = PBXNativeTarget;
			buildConfigurationList = 6CB5760D1B531B4C00DEDCCE /* Build configuration list for PBXNativeTarget "snake" */;
			buildPhases = (
				6CB575EA1B531B4C00DEDCCE /* Sources */,
				6CB575EB1B531B4C00DEDCCE /* Frameworks */,
				6CB575EC1B531B4C00DEDCCE /* Resources */,
			);
			buildRules = (
			);
			dependencies = (
			);
			name = snake;
			productName = "ios-snake";
			productReference = 6CB575EE1B531B4C00DEDCCE /* snake.app */;
			productType = "com.apple.product-type.application";
		};
		6CB576021B531B4C00DEDCCE /* snakeTests */ = {
			isa = PBXNativeTarget;
			buildConfigurationList = 6CB576101B531B4C00DEDCCE /* Build configuration list for PBXNativeTarget "snakeTests" */;
			buildPhases = (
				6CB575FF1B531B4C00DEDCCE /* Sources */,
				6CB576001B531B4C00DEDCCE /* Frameworks */,
				6CB576011B531B4C00DEDCCE /* Resources */,
			);
			buildRules = (
			);
			dependencies = (
				6CB576051B531B4C00DEDCCE /* PBXTargetDependency */,
			);
			name = snakeTests;
			productName = "ios-snakeTests";
			productReference = 6CB576031B531B4C00DEDCCE /* snakeTests.xctest */;
			productType = "com.apple.product-type.bundle.unit-test";
		};
/* End PBXNativeTarget section */

/* Begin PBXProject section */
		6CB575E61B531B4C00DEDCCE /* Project object */ = {
			isa = PBXProject;
			attributes = {
				LastUpgradeCheck = 0640;
				ORGANIZATIONNAME = "Joey Lai";
				TargetAttributes = {
					6CB575ED1B531B4C00DEDCCE = {
						CreatedOnToolsVersion = 6.4;
					};
					6CB576021B531B4C00DEDCCE = {
						CreatedOnToolsVersion = 6.4;
						TestTargetID = 6CB575ED1B531B4C00DEDCCE;
					};
				};
			};
			buildConfigurationList = 6CB575E91B531B4C00DEDCCE /* Build configuration list for PBXProject "ios-snake" */;
			compatibilityVersion = "Xcode 3.2";
			developmentRegion = English;
			hasScannedForEncodings = 0;
			knownRegions = (
				en,
				Base,
			);
			mainGroup = 6CB575E51B531B4C00DEDCCE;
			productRefGroup = 6CB575EF1B531B4C00DEDCCE /* Products */;
			projectDirPath = "";
			projectRoot = "";
			targets = (
				6CB575ED1B531B4C00DEDCCE /* snake */,
				6CB576021B531B4C00DEDCCE /* snakeTests */,
			);
		};
/* End PBXProject section */

/* Begin PBXResourcesBuildPhase section */
		6CB575EC1B531B4C00DEDCCE /* Resources */ = {
			isa = PBXResourcesBuildPhase;
			buildActionMask = 2147483647;
			files = (
				6CB575F91B531B4C00DEDCCE /* Snake.storyboard in Resources */,
				6CB575FE1B531B4C00DEDCCE /* LaunchScreen.xib in Resources */,
				6CB575FB1B531B4C00DEDCCE /* Images.xcassets in Resources */,
			);
			runOnlyForDeploymentPostprocessing = 0;
		};
		6CB576011B531B4C00DEDCCE /* Resources */ = {
			isa = PBXResourcesBuildPhase;
			buildActionMask = 2147483647;
			files = (
			);
			runOnlyForDeploymentPostprocessing = 0;
		};
/* End PBXResourcesBuildPhase section */

/* Begin PBXSourcesBuildPhase section */
		6CB575EA1B531B4C00DEDCCE /* Sources */ = {
			isa = PBXSourcesBuildPhase;
			buildActionMask = 2147483647;
			files = (
				6CF8F0ED1B61D99500AE3361 /* PowerUpElement.swift in Sources */,
				6CB5DB581B5F4FF700739D68 /* SnakeGame.swift in Sources */,
				6CC3DA971B64B6D400D07BD9 /* GameOverAlertView.swift in Sources */,
				6C6ED5B11B59DBB8004B3633 /* GridGenerator.swift in Sources */,
				6CB575F61B531B4C00DEDCCE /* GameController.swift in Sources */,
				6C851EF71B5B6178002225A9 /* SnakeElement.swift in Sources */,
				6C71AA871B646DC7009E80C8 /* SnakeStyler.swift in Sources */,
				6C0CB2861B531FA000796B92 /* Colors.swift in Sources */,
				6C851EF91B5B6193002225A9 /* Grid.swift in Sources */,
				6CB576191B531C9200DEDCCE /* GameScene.swift in Sources */,
				6C0CB2881B532A9600796B92 /* ConfigConstants.swift in Sources */,
				6C851EFD1B5B61DA002225A9 /* CellType.swift in Sources */,
				6C0CB2841B531E6400796B92 /* Snake.swift in Sources */,
				6CEF650E1B631CB000D28E6D /* SnakeGameControl.swift in Sources */,
				6CC3DA941B64B5D500D07BD9 /* Delegates.swift in Sources */,
				6C851EFB1B5B61A5002225A9 /* Cell.swift in Sources */,
				6C287A551B54A291009994F5 /* CardinalDirection.swift in Sources */,
				6CB575F41B531B4C00DEDCCE /* AppDelegate.swift in Sources */,
				6CE494641B55E34A00E193A9 /* ArrayExtensions.swift in Sources */,
			);
			runOnlyForDeploymentPostprocessing = 0;
		};
		6CB575FF1B531B4C00DEDCCE /* Sources */ = {
			isa = PBXSourcesBuildPhase;
			buildActionMask = 2147483647;
			files = (
				6CC3DA951B64B60400D07BD9 /* Delegates.swift in Sources */,
				6C71AA881B646E4E009E80C8 /* SnakeStyler.swift in Sources */,
				6CEF650F1B631CDF00D28E6D /* SnakeGameControl.swift in Sources */,
				6CF8F0EE1B61DAA000AE3361 /* PowerUpElement.swift in Sources */,
				6CB5DB5A1B5F583900739D68 /* ConfigConstants.swift in Sources */,
				6CB5DB591B5F500A00739D68 /* SnakeGame.swift in Sources */,
				6C851F001B5B6482002225A9 /* GameScene.swift in Sources */,
				6C851F011B5B6482002225A9 /* Cell.swift in Sources */,
				6C851F021B5B6482002225A9 /* CellType.swift in Sources */,
				6C851EFF1B5B6466002225A9 /* SnakeElement.swift in Sources */,
				6C851EFE1B5B645A002225A9 /* Grid.swift in Sources */,
				6C6ED5B21B59DC01004B3633 /* GridGenerator.swift in Sources */,
				6CE494661B55F36F00E193A9 /* Colors.swift in Sources */,
				6CE494651B55E6C700E193A9 /* ArrayExtensions.swift in Sources */,
				6C287A571B54A2AC009994F5 /* Snake.swift in Sources */,
				6C287A561B54A2A3009994F5 /* CardinalDirection.swift in Sources */,
				6CB5760A1B531B4C00DEDCCE /* GameGridControlTests.swift in Sources */,
				6C6ED5AF1B59D595004B3633 /* GameGridTests.swift in Sources */,
			);
			runOnlyForDeploymentPostprocessing = 0;
		};
/* End PBXSourcesBuildPhase section */

/* Begin PBXTargetDependency section */
		6CB576051B531B4C00DEDCCE /* PBXTargetDependency */ = {
			isa = PBXTargetDependency;
			target = 6CB575ED1B531B4C00DEDCCE /* snake */;
			targetProxy = 6CB576041B531B4C00DEDCCE /* PBXContainerItemProxy */;
		};
/* End PBXTargetDependency section */

/* Begin PBXVariantGroup section */
		6CB575F71B531B4C00DEDCCE /* Snake.storyboard */ = {
			isa = PBXVariantGroup;
			children = (
				6CB575F81B531B4C00DEDCCE /* Base */,
			);
			name = Snake.storyboard;
			sourceTree = "<group>";
		};
		6CB575FC1B531B4C00DEDCCE /* LaunchScreen.xib */ = {
			isa = PBXVariantGroup;
			children = (
				6CB575FD1B531B4C00DEDCCE /* Base */,
			);
			name = LaunchScreen.xib;
			sourceTree = "<group>";
		};
/* End PBXVariantGroup section */

/* Begin XCBuildConfiguration section */
		6CB5760B1B531B4C00DEDCCE /* Debug */ = {
			isa = XCBuildConfiguration;
			buildSettings = {
				ALWAYS_SEARCH_USER_PATHS = NO;
				CLANG_CXX_LANGUAGE_STANDARD = "gnu++0x";
				CLANG_CXX_LIBRARY = "libc++";
				CLANG_ENABLE_MODULES = YES;
				CLANG_ENABLE_OBJC_ARC = YES;
				CLANG_WARN_BOOL_CONVERSION = YES;
				CLANG_WARN_CONSTANT_CONVERSION = YES;
				CLANG_WARN_DIRECT_OBJC_ISA_USAGE = YES_ERROR;
				CLANG_WARN_EMPTY_BODY = YES;
				CLANG_WARN_ENUM_CONVERSION = YES;
				CLANG_WARN_INT_CONVERSION = YES;
				CLANG_WARN_OBJC_ROOT_CLASS = YES_ERROR;
				CLANG_WARN_UNREACHABLE_CODE = YES;
				CLANG_WARN__DUPLICATE_METHOD_MATCH = YES;
				"CODE_SIGN_IDENTITY[sdk=iphoneos*]" = "iPhone Developer";
				COPY_PHASE_STRIP = NO;
				DEBUG_INFORMATION_FORMAT = "dwarf-with-dsym";
				ENABLE_STRICT_OBJC_MSGSEND = YES;
				GCC_C_LANGUAGE_STANDARD = gnu99;
				GCC_DYNAMIC_NO_PIC = NO;
				GCC_NO_COMMON_BLOCKS = YES;
				GCC_OPTIMIZATION_LEVEL = 0;
				GCC_PREPROCESSOR_DEFINITIONS = (
					"DEBUG=1",
					"$(inherited)",
				);
				GCC_SYMBOLS_PRIVATE_EXTERN = NO;
				GCC_WARN_64_TO_32_BIT_CONVERSION = YES;
				GCC_WARN_ABOUT_RETURN_TYPE = YES_ERROR;
				GCC_WARN_UNDECLARED_SELECTOR = YES;
				GCC_WARN_UNINITIALIZED_AUTOS = YES_AGGRESSIVE;
				GCC_WARN_UNUSED_FUNCTION = YES;
				GCC_WARN_UNUSED_VARIABLE = YES;
				IPHONEOS_DEPLOYMENT_TARGET = 8.4;
				MTL_ENABLE_DEBUG_INFO = YES;
				ONLY_ACTIVE_ARCH = YES;
				SDKROOT = iphoneos;
				SWIFT_OPTIMIZATION_LEVEL = "-Onone";
				TARGETED_DEVICE_FAMILY = "1,2";
			};
			name = Debug;
		};
		6CB5760C1B531B4C00DEDCCE /* Release */ = {
			isa = XCBuildConfiguration;
			buildSettings = {
				ALWAYS_SEARCH_USER_PATHS = NO;
				CLANG_CXX_LANGUAGE_STANDARD = "gnu++0x";
				CLANG_CXX_LIBRARY = "libc++";
				CLANG_ENABLE_MODULES = YES;
				CLANG_ENABLE_OBJC_ARC = YES;
				CLANG_WARN_BOOL_CONVERSION = YES;
				CLANG_WARN_CONSTANT_CONVERSION = YES;
				CLANG_WARN_DIRECT_OBJC_ISA_USAGE = YES_ERROR;
				CLANG_WARN_EMPTY_BODY = YES;
				CLANG_WARN_ENUM_CONVERSION = YES;
				CLANG_WARN_INT_CONVERSION = YES;
				CLANG_WARN_OBJC_ROOT_CLASS = YES_ERROR;
				CLANG_WARN_UNREACHABLE_CODE = YES;
				CLANG_WARN__DUPLICATE_METHOD_MATCH = YES;
				"CODE_SIGN_IDENTITY[sdk=iphoneos*]" = "iPhone Developer";
				COPY_PHASE_STRIP = NO;
				DEBUG_INFORMATION_FORMAT = "dwarf-with-dsym";
				ENABLE_NS_ASSERTIONS = NO;
				ENABLE_STRICT_OBJC_MSGSEND = YES;
				GCC_C_LANGUAGE_STANDARD = gnu99;
				GCC_NO_COMMON_BLOCKS = YES;
				GCC_WARN_64_TO_32_BIT_CONVERSION = YES;
				GCC_WARN_ABOUT_RETURN_TYPE = YES_ERROR;
				GCC_WARN_UNDECLARED_SELECTOR = YES;
				GCC_WARN_UNINITIALIZED_AUTOS = YES_AGGRESSIVE;
				GCC_WARN_UNUSED_FUNCTION = YES;
				GCC_WARN_UNUSED_VARIABLE = YES;
				IPHONEOS_DEPLOYMENT_TARGET = 8.4;
				MTL_ENABLE_DEBUG_INFO = NO;
				SDKROOT = iphoneos;
				TARGETED_DEVICE_FAMILY = "1,2";
				VALIDATE_PRODUCT = YES;
			};
			name = Release;
		};
		6CB5760E1B531B4C00DEDCCE /* Debug */ = {
			isa = XCBuildConfiguration;
			buildSettings = {
				ASSETCATALOG_COMPILER_APPICON_NAME = AppIcon;
				INFOPLIST_FILE = "ios-snake/Info.plist";
				LD_RUNPATH_SEARCH_PATHS = "$(inherited) @executable_path/Frameworks";
				PRODUCT_NAME = "$(TARGET_NAME)";
			};
			name = Debug;
		};
		6CB5760F1B531B4C00DEDCCE /* Release */ = {
			isa = XCBuildConfiguration;
			buildSettings = {
				ASSETCATALOG_COMPILER_APPICON_NAME = AppIcon;
				INFOPLIST_FILE = "ios-snake/Info.plist";
				LD_RUNPATH_SEARCH_PATHS = "$(inherited) @executable_path/Frameworks";
				PRODUCT_NAME = "$(TARGET_NAME)";
			};
			name = Release;
		};
		6CB576111B531B4C00DEDCCE /* Debug */ = {
			isa = XCBuildConfiguration;
			buildSettings = {
				BUNDLE_LOADER = "$(TEST_HOST)";
				FRAMEWORK_SEARCH_PATHS = (
					"$(SDKROOT)/Developer/Library/Frameworks",
					"$(inherited)",
				);
				GCC_PREPROCESSOR_DEFINITIONS = (
					"DEBUG=1",
					"$(inherited)",
				);
				INFOPLIST_FILE = "ios-snakeTests/Info.plist";
				LD_RUNPATH_SEARCH_PATHS = "$(inherited) @executable_path/Frameworks @loader_path/Frameworks";
				PRODUCT_NAME = "$(TARGET_NAME)";
				TEST_HOST = "$(BUILT_PRODUCTS_DIR)/ios-snake.app/ios-snake";
			};
			name = Debug;
		};
		6CB576121B531B4C00DEDCCE /* Release */ = {
			isa = XCBuildConfiguration;
			buildSettings = {
				BUNDLE_LOADER = "$(TEST_HOST)";
				FRAMEWORK_SEARCH_PATHS = (
					"$(SDKROOT)/Developer/Library/Frameworks",
					"$(inherited)",
				);
				INFOPLIST_FILE = "ios-snakeTests/Info.plist";
				LD_RUNPATH_SEARCH_PATHS = "$(inherited) @executable_path/Frameworks @loader_path/Frameworks";
				PRODUCT_NAME = "$(TARGET_NAME)";
				TEST_HOST = "$(BUILT_PRODUCTS_DIR)/ios-snake.app/ios-snake";
			};
			name = Release;
		};
/* End XCBuildConfiguration section */

/* Begin XCConfigurationList section */
		6CB575E91B531B4C00DEDCCE /* Build configuration list for PBXProject "ios-snake" */ = {
			isa = XCConfigurationList;
			buildConfigurations = (
				6CB5760B1B531B4C00DEDCCE /* Debug */,
				6CB5760C1B531B4C00DEDCCE /* Release */,
			);
			defaultConfigurationIsVisible = 0;
			defaultConfigurationName = Release;
		};
		6CB5760D1B531B4C00DEDCCE /* Build configuration list for PBXNativeTarget "snake" */ = {
			isa = XCConfigurationList;
			buildConfigurations = (
				6CB5760E1B531B4C00DEDCCE /* Debug */,
				6CB5760F1B531B4C00DEDCCE /* Release */,
			);
			defaultConfigurationIsVisible = 0;
			defaultConfigurationName = Release;
		};
		6CB576101B531B4C00DEDCCE /* Build configuration list for PBXNativeTarget "snakeTests" */ = {
			isa = XCConfigurationList;
			buildConfigurations = (
				6CB576111B531B4C00DEDCCE /* Debug */,
				6CB576121B531B4C00DEDCCE /* Release */,
			);
			defaultConfigurationIsVisible = 0;
			defaultConfigurationName = Release;
		};
/* End XCConfigurationList section */
	};
	rootObject = 6CB575E61B531B4C00DEDCCE /* Project object */;
}
